# This file is automatically @generated by Cargo.
# It is not intended for manual editing.
version = 4

[[package]]
name = "filesystem_proto"
version = "0.1.0"

[[package]]
name = "socket_proto"
version = "0.1.0"

[[package]]
name = "std_exerciser"
version = "0.1.0"
dependencies = [
 "filesystem_proto",
 "socket_proto",
]
