# This file is automatically @generated by Cargo.
# It is not intended for manual editing.
version = 4

[[package]]
name = "filesystem_protocol"
version = "0.1.0"

[[package]]
name = "socket_protocol"
version = "0.1.0"

[[package]]
name = "std_exerciser"
version = "0.1.0"
dependencies = [
 "filesystem_protocol",
 "socket_protocol",
 "walk_pricing",
]

[[package]]
name = "walk_pricing"
version = "0.1.0"
dependencies = [
 "filesystem_protocol",
]
